// !$*UTF8*$!
{
	archiveVersion = 1;
	classes = {
	};
	objectVersion = 46;
	objects = {

/* Begin PBXBuildFile section */
		AB23325D1EA09E410097F526 /* WQPhotoAlbumKit.framework in Embed Frameworks */ = {isa = PBXBuildFile; fileRef = AB2332581EA09DF80097F526 /* WQPhotoAlbumKit.framework */; settings = {ATTRIBUTES = (CodeSignOnCopy, RemoveHeadersOnCopy, ); }; };
		AB4AE26C1DED57D8002E58E0 /* AppDelegate.swift in Sources */ = {isa = PBXBuildFile; fileRef = AB4AE26B1DED57D8002E58E0 /* AppDelegate.swift */; };
		AB4AE26E1DED57D8002E58E0 /* ViewController.swift in Sources */ = {isa = PBXBuildFile; fileRef = AB4AE26D1DED57D8002E58E0 /* ViewController.swift */; };
		AB4AE2711DED57D8002E58E0 /* Main.storyboard in Resources */ = {isa = PBXBuildFile; fileRef = AB4AE26F1DED57D8002E58E0 /* Main.storyboard */; };
		AB4AE2731DED57D8002E58E0 /* Assets.xcassets in Resources */ = {isa = PBXBuildFile; fileRef = AB4AE2721DED57D8002E58E0 /* Assets.xcassets */; };
		AB4AE2761DED57D8002E58E0 /* LaunchScreen.storyboard in Resources */ = {isa = PBXBuildFile; fileRef = AB4AE2741DED57D8002E58E0 /* LaunchScreen.storyboard */; };
		AB9D6E5E1DEFF9A60004F7D5 /* Photos.framework in Frameworks */ = {isa = PBXBuildFile; fileRef = AB9D6E5D1DEFF9A60004F7D5 /* Photos.framework */; };
/* End PBXBuildFile section */

/* Begin PBXContainerItemProxy section */
		AB2332571EA09DF80097F526 /* PBXContainerItemProxy */ = {
			isa = PBXContainerItemProxy;
			containerPortal = AB2332521EA09DF80097F526 /* WQPhotoAlbumKit.xcodeproj */;
			proxyType = 2;
			remoteGlobalIDString = AB0F68321E9796B7009E3C0A;
			remoteInfo = WQPhotoAlbumKit;
		};
		AB2332591EA09DF80097F526 /* PBXContainerItemProxy */ = {
			isa = PBXContainerItemProxy;
			containerPortal = AB2332521EA09DF80097F526 /* WQPhotoAlbumKit.xcodeproj */;
			proxyType = 2;
			remoteGlobalIDString = AB0F683B1E9796B7009E3C0A;
			remoteInfo = WQPhotoAlbumKitTests;
		};
		AB23325B1EA09E3A0097F526 /* PBXContainerItemProxy */ = {
			isa = PBXContainerItemProxy;
			containerPortal = AB2332521EA09DF80097F526 /* WQPhotoAlbumKit.xcodeproj */;
			proxyType = 1;
			remoteGlobalIDString = AB0F68311E9796B7009E3C0A;
			remoteInfo = WQPhotoAlbumKit;
		};
/* End PBXContainerItemProxy section */

/* Begin PBXCopyFilesBuildPhase section */
		ABC07C001E9B77E900619C00 /* Embed Frameworks */ = {
			isa = PBXCopyFilesBuildPhase;
			buildActionMask = 2147483647;
			dstPath = "";
			dstSubfolderSpec = 10;
			files = (
				AB23325D1EA09E410097F526 /* WQPhotoAlbumKit.framework in Embed Frameworks */,
			);
			name = "Embed Frameworks";
			runOnlyForDeploymentPostprocessing = 0;
		};
/* End PBXCopyFilesBuildPhase section */

/* Begin PBXFileReference section */
		AB2332521EA09DF80097F526 /* WQPhotoAlbumKit.xcodeproj */ = {isa = PBXFileReference; lastKnownFileType = "wrapper.pb-project"; name = WQPhotoAlbumKit.xcodeproj; path = WQPhotoAlbumKit/WQPhotoAlbumKit.xcodeproj; sourceTree = "<group>"; };
		AB4AE2681DED57D8002E58E0 /* WQPhotoAlbum.app */ = {isa = PBXFileReference; explicitFileType = wrapper.application; includeInIndex = 0; path = WQPhotoAlbum.app; sourceTree = BUILT_PRODUCTS_DIR; };
		AB4AE26B1DED57D8002E58E0 /* AppDelegate.swift */ = {isa = PBXFileReference; lastKnownFileType = sourcecode.swift; path = AppDelegate.swift; sourceTree = "<group>"; };
		AB4AE26D1DED57D8002E58E0 /* ViewController.swift */ = {isa = PBXFileReference; lastKnownFileType = sourcecode.swift; path = ViewController.swift; sourceTree = "<group>"; };
		AB4AE2701DED57D8002E58E0 /* Base */ = {isa = PBXFileReference; lastKnownFileType = file.storyboard; name = Base; path = Base.lproj/Main.storyboard; sourceTree = "<group>"; };
		AB4AE2721DED57D8002E58E0 /* Assets.xcassets */ = {isa = PBXFileReference; lastKnownFileType = folder.assetcatalog; path = Assets.xcassets; sourceTree = "<group>"; };
		AB4AE2751DED57D8002E58E0 /* Base */ = {isa = PBXFileReference; lastKnownFileType = file.storyboard; name = Base; path = Base.lproj/LaunchScreen.storyboard; sourceTree = "<group>"; };
		AB4AE2771DED57D8002E58E0 /* Info.plist */ = {isa = PBXFileReference; lastKnownFileType = text.plist.xml; path = Info.plist; sourceTree = "<group>"; };
		AB9D6E5D1DEFF9A60004F7D5 /* Photos.framework */ = {isa = PBXFileReference; lastKnownFileType = wrapper.framework; name = Photos.framework; path = System/Library/Frameworks/Photos.framework; sourceTree = SDKROOT; };
/* End PBXFileReference section */

/* Begin PBXFrameworksBuildPhase section */
		AB4AE2651DED57D8002E58E0 /* Frameworks */ = {
			isa = PBXFrameworksBuildPhase;
			buildActionMask = 2147483647;
			files = (
				AB9D6E5E1DEFF9A60004F7D5 /* Photos.framework in Frameworks */,
			);
			runOnlyForDeploymentPostprocessing = 0;
		};
/* End PBXFrameworksBuildPhase section */

/* Begin PBXGroup section */
		AB2332531EA09DF80097F526 /* Products */ = {
			isa = PBXGroup;
			children = (
				AB2332581EA09DF80097F526 /* WQPhotoAlbumKit.framework */,
				AB23325A1EA09DF80097F526 /* WQPhotoAlbumKitTests.xctest */,
			);
			name = Products;
			sourceTree = "<group>";
		};
		AB4AE25F1DED57D8002E58E0 = {
			isa = PBXGroup;
			children = (
				AB2332521EA09DF80097F526 /* WQPhotoAlbumKit.xcodeproj */,
				AB4AE26A1DED57D8002E58E0 /* WQPhotoAlbum */,
				AB4AE2691DED57D8002E58E0 /* Products */,
				AB9D6E5C1DEFF9A60004F7D5 /* Frameworks */,
			);
			sourceTree = "<group>";
		};
		AB4AE2691DED57D8002E58E0 /* Products */ = {
			isa = PBXGroup;
			children = (
				AB4AE2681DED57D8002E58E0 /* WQPhotoAlbum.app */,
			);
			name = Products;
			sourceTree = "<group>";
		};
		AB4AE26A1DED57D8002E58E0 /* WQPhotoAlbum */ = {
			isa = PBXGroup;
			children = (
				AB4AE26B1DED57D8002E58E0 /* AppDelegate.swift */,
				AB4AE26D1DED57D8002E58E0 /* ViewController.swift */,
				AB4AE26F1DED57D8002E58E0 /* Main.storyboard */,
				AB4AE2721DED57D8002E58E0 /* Assets.xcassets */,
				AB4AE2741DED57D8002E58E0 /* LaunchScreen.storyboard */,
				AB4AE2771DED57D8002E58E0 /* Info.plist */,
			);
			path = WQPhotoAlbum;
			sourceTree = "<group>";
		};
		AB9D6E5C1DEFF9A60004F7D5 /* Frameworks */ = {
			isa = PBXGroup;
			children = (
				AB9D6E5D1DEFF9A60004F7D5 /* Photos.framework */,
			);
			name = Frameworks;
			sourceTree = "<group>";
		};
/* End PBXGroup section */

/* Begin PBXNativeTarget section */
		AB4AE2671DED57D8002E58E0 /* WQPhotoAlbum */ = {
			isa = PBXNativeTarget;
			buildConfigurationList = AB4AE27A1DED57D8002E58E0 /* Build configuration list for PBXNativeTarget "WQPhotoAlbum" */;
			buildPhases = (
				AB4AE2641DED57D8002E58E0 /* Sources */,
				AB4AE2651DED57D8002E58E0 /* Frameworks */,
				AB4AE2661DED57D8002E58E0 /* Resources */,
				ABC07C001E9B77E900619C00 /* Embed Frameworks */,
			);
			buildRules = (
			);
			dependencies = (
				AB23325C1EA09E3A0097F526 /* PBXTargetDependency */,
			);
			name = WQPhotoAlbum;
			productName = WQPhotoAlbum;
			productReference = AB4AE2681DED57D8002E58E0 /* WQPhotoAlbum.app */;
			productType = "com.apple.product-type.application";
		};
/* End PBXNativeTarget section */

/* Begin PBXProject section */
		AB4AE2601DED57D8002E58E0 /* Project object */ = {
			isa = PBXProject;
			attributes = {
				LastSwiftUpdateCheck = 0800;
				LastUpgradeCheck = 0800;
				ORGANIZATIONNAME = qian.com;
				TargetAttributes = {
					AB4AE2671DED57D8002E58E0 = {
						CreatedOnToolsVersion = 8.0;
						DevelopmentTeam = ZGPWV67SM9;
						ProvisioningStyle = Automatic;
					};
				};
			};
			buildConfigurationList = AB4AE2631DED57D8002E58E0 /* Build configuration list for PBXProject "WQPhotoAlbum" */;
			compatibilityVersion = "Xcode 3.2";
			developmentRegion = English;
			hasScannedForEncodings = 0;
			knownRegions = (
				en,
				Base,
			);
			mainGroup = AB4AE25F1DED57D8002E58E0;
			productRefGroup = AB4AE2691DED57D8002E58E0 /* Products */;
			projectDirPath = "";
			projectReferences = (
				{
					ProductGroup = AB2332531EA09DF80097F526 /* Products */;
					ProjectRef = AB2332521EA09DF80097F526 /* WQPhotoAlbumKit.xcodeproj */;
				},
			);
			projectRoot = "";
			targets = (
				AB4AE2671DED57D8002E58E0 /* WQPhotoAlbum */,
			);
		};
/* End PBXProject section */

/* Begin PBXReferenceProxy section */
		AB2332581EA09DF80097F526 /* WQPhotoAlbumKit.framework */ = {
			isa = PBXReferenceProxy;
			fileType = wrapper.framework;
			path = WQPhotoAlbumKit.framework;
			remoteRef = AB2332571EA09DF80097F526 /* PBXContainerItemProxy */;
			sourceTree = BUILT_PRODUCTS_DIR;
		};
		AB23325A1EA09DF80097F526 /* WQPhotoAlbumKitTests.xctest */ = {
			isa = PBXReferenceProxy;
			fileType = wrapper.cfbundle;
			path = WQPhotoAlbumKitTests.xctest;
			remoteRef = AB2332591EA09DF80097F526 /* PBXContainerItemProxy */;
			sourceTree = BUILT_PRODUCTS_DIR;
		};
/* End PBXReferenceProxy section */

/* Begin PBXResourcesBuildPhase section */
		AB4AE2661DED57D8002E58E0 /* Resources */ = {
			isa = PBXResourcesBuildPhase;
			buildActionMask = 2147483647;
			files = (
				AB4AE2761DED57D8002E58E0 /* LaunchScreen.storyboard in Resources */,
				AB4AE2731DED57D8002E58E0 /* Assets.xcassets in Resources */,
				AB4AE2711DED57D8002E58E0 /* Main.storyboard in Resources */,
			);
			runOnlyForDeploymentPostprocessing = 0;
		};
/* End PBXResourcesBuildPhase section */

/* Begin PBXSourcesBuildPhase section */
		AB4AE2641DED57D8002E58E0 /* Sources */ = {
			isa = PBXSourcesBuildPhase;
			buildActionMask = 2147483647;
			files = (
				AB4AE26E1DED57D8002E58E0 /* ViewController.swift in Sources */,
				AB4AE26C1DED57D8002E58E0 /* AppDelegate.swift in Sources */,
			);
			runOnlyForDeploymentPostprocessing = 0;
		};
/* End PBXSourcesBuildPhase section */

/* Begin PBXTargetDependency section */
		AB23325C1EA09E3A0097F526 /* PBXTargetDependency */ = {
			isa = PBXTargetDependency;
			name = WQPhotoAlbumKit;
			targetProxy = AB23325B1EA09E3A0097F526 /* PBXContainerItemProxy */;
		};
/* End PBXTargetDependency section */

/* Begin PBXVariantGroup section */
		AB4AE26F1DED57D8002E58E0 /* Main.storyboard */ = {
			isa = PBXVariantGroup;
			children = (
				AB4AE2701DED57D8002E58E0 /* Base */,
			);
			name = Main.storyboard;
			sourceTree = "<group>";
		};
		AB4AE2741DED57D8002E58E0 /* LaunchScreen.storyboard */ = {
			isa = PBXVariantGroup;
			children = (
				AB4AE2751DED57D8002E58E0 /* Base */,
			);
			name = LaunchScreen.storyboard;
			sourceTree = "<group>";
		};
/* End PBXVariantGroup section */

/* Begin XCBuildConfiguration section */
		AB4AE2781DED57D8002E58E0 /* Debug */ = {
			isa = XCBuildConfiguration;
			buildSettings = {
				ALWAYS_SEARCH_USER_PATHS = NO;
				CLANG_ANALYZER_NONNULL = YES;
				CLANG_CXX_LANGUAGE_STANDARD = "gnu++0x";
				CLANG_CXX_LIBRARY = "libc++";
				CLANG_ENABLE_MODULES = YES;
				CLANG_ENABLE_OBJC_ARC = YES;
				CLANG_WARN_BOOL_CONVERSION = YES;
				CLANG_WARN_CONSTANT_CONVERSION = YES;
				CLANG_WARN_DIRECT_OBJC_ISA_USAGE = YES_ERROR;
				CLANG_WARN_DOCUMENTATION_COMMENTS = YES;
				CLANG_WARN_EMPTY_BODY = YES;
				CLANG_WARN_ENUM_CONVERSION = YES;
				CLANG_WARN_INFINITE_RECURSION = YES;
				CLANG_WARN_INT_CONVERSION = YES;
				CLANG_WARN_OBJC_ROOT_CLASS = YES_ERROR;
				CLANG_WARN_SUSPICIOUS_MOVES = YES;
				CLANG_WARN_UNREACHABLE_CODE = YES;
				CLANG_WARN__DUPLICATE_METHOD_MATCH = YES;
				"CODE_SIGN_IDENTITY[sdk=iphoneos*]" = "iPhone Developer";
				COPY_PHASE_STRIP = NO;
				DEBUG_INFORMATION_FORMAT = dwarf;
				ENABLE_STRICT_OBJC_MSGSEND = YES;
				ENABLE_TESTABILITY = YES;
				GCC_C_LANGUAGE_STANDARD = gnu99;
				GCC_DYNAMIC_NO_PIC = NO;
				GCC_NO_COMMON_BLOCKS = YES;
				GCC_OPTIMIZATION_LEVEL = 0;
				GCC_PREPROCESSOR_DEFINITIONS = (
					"DEBUG=1",
					"$(inherited)",
				);
				GCC_WARN_64_TO_32_BIT_CONVERSION = YES;
				GCC_WARN_ABOUT_RETURN_TYPE = YES_ERROR;
				GCC_WARN_UNDECLARED_SELECTOR = YES;
				GCC_WARN_UNINITIALIZED_AUTOS = YES_AGGRESSIVE;
				GCC_WARN_UNUSED_FUNCTION = YES;
				GCC_WARN_UNUSED_VARIABLE = YES;
				IPHONEOS_DEPLOYMENT_TARGET = 10.0;
				MTL_ENABLE_DEBUG_INFO = YES;
				ONLY_ACTIVE_ARCH = YES;
				SDKROOT = iphoneos;
				SWIFT_ACTIVE_COMPILATION_CONDITIONS = DEBUG;
				SWIFT_OPTIMIZATION_LEVEL = "-Onone";
			};
			name = Debug;
		};
		AB4AE2791DED57D8002E58E0 /* Release */ = {
			isa = XCBuildConfiguration;
			buildSettings = {
				ALWAYS_SEARCH_USER_PATHS = NO;
				CLANG_ANALYZER_NONNULL = YES;
				CLANG_CXX_LANGUAGE_STANDARD = "gnu++0x";
				CLANG_CXX_LIBRARY = "libc++";
				CLANG_ENABLE_MODULES = YES;
				CLANG_ENABLE_OBJC_ARC = YES;
				CLANG_WARN_BOOL_CONVERSION = YES;
				CLANG_WARN_CONSTANT_CONVERSION = YES;
				CLANG_WARN_DIRECT_OBJC_ISA_USAGE = YES_ERROR;
				CLANG_WARN_DOCUMENTATION_COMMENTS = YES;
				CLANG_WARN_EMPTY_BODY = YES;
				CLANG_WARN_ENUM_CONVERSION = YES;
				CLANG_WARN_INFINITE_RECURSION = YES;
				CLANG_WARN_INT_CONVERSION = YES;
				CLANG_WARN_OBJC_ROOT_CLASS = YES_ERROR;
				CLANG_WARN_SUSPICIOUS_MOVES = YES;
				CLANG_WARN_UNREACHABLE_CODE = YES;
				CLANG_WARN__DUPLICATE_METHOD_MATCH = YES;
				"CODE_SIGN_IDENTITY[sdk=iphoneos*]" = "iPhone Developer";
				COPY_PHASE_STRIP = NO;
				DEBUG_INFORMATION_FORMAT = "dwarf-with-dsym";
				ENABLE_NS_ASSERTIONS = NO;
				ENABLE_STRICT_OBJC_MSGSEND = YES;
				GCC_C_LANGUAGE_STANDARD = gnu99;
				GCC_NO_COMMON_BLOCKS = YES;
				GCC_WARN_64_TO_32_BIT_CONVERSION = YES;
				GCC_WARN_ABOUT_RETURN_TYPE = YES_ERROR;
				GCC_WARN_UNDECLARED_SELECTOR = YES;
				GCC_WARN_UNINITIALIZED_AUTOS = YES_AGGRESSIVE;
				GCC_WARN_UNUSED_FUNCTION = YES;
				GCC_WARN_UNUSED_VARIABLE = YES;
				IPHONEOS_DEPLOYMENT_TARGET = 10.0;
				MTL_ENABLE_DEBUG_INFO = NO;
				SDKROOT = iphoneos;
				SWIFT_OPTIMIZATION_LEVEL = "-Owholemodule";
				VALIDATE_PRODUCT = YES;
			};
			name = Release;
		};
		AB4AE27B1DED57D8002E58E0 /* Debug */ = {
			isa = XCBuildConfiguration;
			buildSettings = {
				ASSETCATALOG_COMPILER_APPICON_NAME = AppIcon;
				DEVELOPMENT_TEAM = ZGPWV67SM9;
				FRAMEWORK_SEARCH_PATHS = (
					"$(inherited)",
					"$(PROJECT_DIR)/WQPhotoAlbum/Third",
				);
				INFOPLIST_FILE = WQPhotoAlbum/Info.plist;
				IPHONEOS_DEPLOYMENT_TARGET = 8.0;
				LD_RUNPATH_SEARCH_PATHS = "$(inherited) @executable_path/Frameworks";
				PRODUCT_BUNDLE_IDENTIFIER = qian.com.WQPhotoAlbum;
				PRODUCT_NAME = "$(TARGET_NAME)";
				SWIFT_VERSION = 3.0;
			};
			name = Debug;
		};
		AB4AE27C1DED57D8002E58E0 /* Release */ = {
			isa = XCBuildConfiguration;
			buildSettings = {
				ASSETCATALOG_COMPILER_APPICON_NAME = AppIcon;
				DEVELOPMENT_TEAM = ZGPWV67SM9;
				FRAMEWORK_SEARCH_PATHS = (
					"$(inherited)",
					"$(PROJECT_DIR)/WQPhotoAlbum/Third",
				);
				INFOPLIST_FILE = WQPhotoAlbum/Info.plist;
				IPHONEOS_DEPLOYMENT_TARGET = 8.0;
				LD_RUNPATH_SEARCH_PATHS = "$(inherited) @executable_path/Frameworks";
				PRODUCT_BUNDLE_IDENTIFIER = qian.com.WQPhotoAlbum;
				PRODUCT_NAME = "$(TARGET_NAME)";
				SWIFT_VERSION = 3.0;
			};
			name = Release;
		};
/* End XCBuildConfiguration section */

/* Begin XCConfigurationList section */
		AB4AE2631DED57D8002E58E0 /* Build configuration list for PBXProject "WQPhotoAlbum" */ = {
			isa = XCConfigurationList;
			buildConfigurations = (
				AB4AE2781DED57D8002E58E0 /* Debug */,
				AB4AE2791DED57D8002E58E0 /* Release */,
			);
			defaultConfigurationIsVisible = 0;
			defaultConfigurationName = Release;
		};
		AB4AE27A1DED57D8002E58E0 /* Build configuration list for PBXNativeTarget "WQPhotoAlbum" */ = {
			isa = XCConfigurationList;
			buildConfigurations = (
				AB4AE27B1DED57D8002E58E0 /* Debug */,
				AB4AE27C1DED57D8002E58E0 /* Release */,
			);
			defaultConfigurationIsVisible = 0;
			defaultConfigurationName = Release;
		};
/* End XCConfigurationList section */
	};
	rootObject = AB4AE2601DED57D8002E58E0 /* Project object */;
}
